// !$*UTF8*$!
{
	archiveVersion = 1;
	classes = {
	};
	objectVersion = 46;
	objects = {

/* Begin PBXBuildFile section */
		5A8236F8E33B89AE01BFD279 /* Pods_myControllers.framework in Frameworks */ = {isa = PBXBuildFile; fileRef = 8E2C4D4559FAB1B0A2271881 /* Pods_myControllers.framework */; };
		E9452C921CB696EF004B2309 /* MessagesViewController.swift in Sources */ = {isa = PBXBuildFile; fileRef = E9452C911CB696EF004B2309 /* MessagesViewController.swift */; };
		E9452C941CB696F9004B2309 /* FriendsViewController.swift in Sources */ = {isa = PBXBuildFile; fileRef = E9452C931CB696F9004B2309 /* FriendsViewController.swift */; };
		E9452C961CB69701004B2309 /* ProfileViewController.swift in Sources */ = {isa = PBXBuildFile; fileRef = E9452C951CB69701004B2309 /* ProfileViewController.swift */; };
		E9452C981CBAD766004B2309 /* EventInfoModal.swift in Sources */ = {isa = PBXBuildFile; fileRef = E9452C971CBAD766004B2309 /* EventInfoModal.swift */; };
		E9452C9A1CBD2D63004B2309 /* AddEventController.swift in Sources */ = {isa = PBXBuildFile; fileRef = E9452C991CBD2D63004B2309 /* AddEventController.swift */; };
		E9D38C9E1CB687EA00DBC998 /* AppDelegate.swift in Sources */ = {isa = PBXBuildFile; fileRef = E9D38C9D1CB687EA00DBC998 /* AppDelegate.swift */; };
		E9D38CA01CB687EA00DBC998 /* ViewController.swift in Sources */ = {isa = PBXBuildFile; fileRef = E9D38C9F1CB687EA00DBC998 /* ViewController.swift */; };
		E9D38CA31CB687EA00DBC998 /* Main.storyboard in Resources */ = {isa = PBXBuildFile; fileRef = E9D38CA11CB687EA00DBC998 /* Main.storyboard */; };
		E9D38CA51CB687EA00DBC998 /* Assets.xcassets in Resources */ = {isa = PBXBuildFile; fileRef = E9D38CA41CB687EA00DBC998 /* Assets.xcassets */; };
		E9D38CA81CB687EA00DBC998 /* LaunchScreen.storyboard in Resources */ = {isa = PBXBuildFile; fileRef = E9D38CA61CB687EA00DBC998 /* LaunchScreen.storyboard */; };
/* End PBXBuildFile section */

/* Begin PBXFileReference section */
		04936118497AD1209E0FE016 /* Pods-myControllers.debug.xcconfig */ = {isa = PBXFileReference; includeInIndex = 1; lastKnownFileType = text.xcconfig; name = "Pods-myControllers.debug.xcconfig"; path = "Pods/Target Support Files/Pods-myControllers/Pods-myControllers.debug.xcconfig"; sourceTree = "<group>"; };
		8E2C4D4559FAB1B0A2271881 /* Pods_myControllers.framework */ = {isa = PBXFileReference; explicitFileType = wrapper.framework; includeInIndex = 0; path = Pods_myControllers.framework; sourceTree = BUILT_PRODUCTS_DIR; };
		E9452C911CB696EF004B2309 /* MessagesViewController.swift */ = {isa = PBXFileReference; fileEncoding = 4; lastKnownFileType = sourcecode.swift; path = MessagesViewController.swift; sourceTree = "<group>"; };
		E9452C931CB696F9004B2309 /* FriendsViewController.swift */ = {isa = PBXFileReference; fileEncoding = 4; lastKnownFileType = sourcecode.swift; path = FriendsViewController.swift; sourceTree = "<group>"; };
		E9452C951CB69701004B2309 /* ProfileViewController.swift */ = {isa = PBXFileReference; fileEncoding = 4; lastKnownFileType = sourcecode.swift; path = ProfileViewController.swift; sourceTree = "<group>"; };
		E9452C971CBAD766004B2309 /* EventInfoModal.swift */ = {isa = PBXFileReference; fileEncoding = 4; lastKnownFileType = sourcecode.swift; path = EventInfoModal.swift; sourceTree = "<group>"; };
		E9452C991CBD2D63004B2309 /* AddEventController.swift */ = {isa = PBXFileReference; fileEncoding = 4; lastKnownFileType = sourcecode.swift; path = AddEventController.swift; sourceTree = "<group>"; };
		E9D38C9A1CB687EA00DBC998 /* myControllers.app */ = {isa = PBXFileReference; explicitFileType = wrapper.application; includeInIndex = 0; path = myControllers.app; sourceTree = BUILT_PRODUCTS_DIR; };
		E9D38C9D1CB687EA00DBC998 /* AppDelegate.swift */ = {isa = PBXFileReference; lastKnownFileType = sourcecode.swift; path = AppDelegate.swift; sourceTree = "<group>"; };
		E9D38C9F1CB687EA00DBC998 /* ViewController.swift */ = {isa = PBXFileReference; lastKnownFileType = sourcecode.swift; path = ViewController.swift; sourceTree = "<group>"; };
		E9D38CA21CB687EA00DBC998 /* Base */ = {isa = PBXFileReference; lastKnownFileType = file.storyboard; name = Base; path = Base.lproj/Main.storyboard; sourceTree = "<group>"; };
		E9D38CA41CB687EA00DBC998 /* Assets.xcassets */ = {isa = PBXFileReference; lastKnownFileType = folder.assetcatalog; path = Assets.xcassets; sourceTree = "<group>"; };
		E9D38CA71CB687EA00DBC998 /* Base */ = {isa = PBXFileReference; lastKnownFileType = file.storyboard; name = Base; path = Base.lproj/LaunchScreen.storyboard; sourceTree = "<group>"; };
		E9D38CA91CB687EA00DBC998 /* Info.plist */ = {isa = PBXFileReference; lastKnownFileType = text.plist.xml; path = Info.plist; sourceTree = "<group>"; };
		F5DD740AC09E109CDA6A1EB1 /* Pods-myControllers.release.xcconfig */ = {isa = PBXFileReference; includeInIndex = 1; lastKnownFileType = text.xcconfig; name = "Pods-myControllers.release.xcconfig"; path = "Pods/Target Support Files/Pods-myControllers/Pods-myControllers.release.xcconfig"; sourceTree = "<group>"; };
/* End PBXFileReference section */

/* Begin PBXFrameworksBuildPhase section */
		E9D38C971CB687EA00DBC998 /* Frameworks */ = {
			isa = PBXFrameworksBuildPhase;
			buildActionMask = 2147483647;
			files = (
				5A8236F8E33B89AE01BFD279 /* Pods_myControllers.framework in Frameworks */,
			);
			runOnlyForDeploymentPostprocessing = 0;
		};
/* End PBXFrameworksBuildPhase section */

/* Begin PBXGroup section */
		5322DBFAE492917387F1E98A /* Frameworks */ = {
			isa = PBXGroup;
			children = (
				8E2C4D4559FAB1B0A2271881 /* Pods_myControllers.framework */,
			);
			name = Frameworks;
			sourceTree = "<group>";
		};
		D31CF1C15095B78D2A7C5BB9 /* Pods */ = {
			isa = PBXGroup;
			children = (
				04936118497AD1209E0FE016 /* Pods-myControllers.debug.xcconfig */,
				F5DD740AC09E109CDA6A1EB1 /* Pods-myControllers.release.xcconfig */,
			);
			name = Pods;
			sourceTree = "<group>";
		};
		E9D38C911CB687EA00DBC998 = {
			isa = PBXGroup;
			children = (
				E9D38C9C1CB687EA00DBC998 /* myControllers */,
				E9D38C9B1CB687EA00DBC998 /* Products */,
				D31CF1C15095B78D2A7C5BB9 /* Pods */,
				5322DBFAE492917387F1E98A /* Frameworks */,
			);
			sourceTree = "<group>";
		};
		E9D38C9B1CB687EA00DBC998 /* Products */ = {
			isa = PBXGroup;
			children = (
				E9D38C9A1CB687EA00DBC998 /* myControllers.app */,
			);
			name = Products;
			sourceTree = "<group>";
		};
		E9D38C9C1CB687EA00DBC998 /* myControllers */ = {
			isa = PBXGroup;
			children = (
				E9D38C9D1CB687EA00DBC998 /* AppDelegate.swift */,
				E9D38C9F1CB687EA00DBC998 /* ViewController.swift */,
				E9452C991CBD2D63004B2309 /* AddEventController.swift */,
				E9452C971CBAD766004B2309 /* EventInfoModal.swift */,
				E9452C911CB696EF004B2309 /* MessagesViewController.swift */,
				E9452C931CB696F9004B2309 /* FriendsViewController.swift */,
				E9452C951CB69701004B2309 /* ProfileViewController.swift */,
				E9D38CA11CB687EA00DBC998 /* Main.storyboard */,
				E9D38CA41CB687EA00DBC998 /* Assets.xcassets */,
				E9D38CA61CB687EA00DBC998 /* LaunchScreen.storyboard */,
				E9D38CA91CB687EA00DBC998 /* Info.plist */,
			);
			path = myControllers;
			sourceTree = "<group>";
		};
/* End PBXGroup section */

/* Begin PBXNativeTarget section */
		E9D38C991CB687EA00DBC998 /* myControllers */ = {
			isa = PBXNativeTarget;
			buildConfigurationList = E9D38CAC1CB687EA00DBC998 /* Build configuration list for PBXNativeTarget "myControllers" */;
			buildPhases = (
				B4F37A1F3C73A79DEAECE02D /* Check Pods Manifest.lock */,
				E9D38C961CB687EA00DBC998 /* Sources */,
				E9D38C971CB687EA00DBC998 /* Frameworks */,
				E9D38C981CB687EA00DBC998 /* Resources */,
				3B3D710CDF8E6FF20DE86314 /* Embed Pods Frameworks */,
				68B3A1B15A3BFA157E3A82DD /* Copy Pods Resources */,
			);
			buildRules = (
			);
			dependencies = (
			);
			name = myControllers;
			productName = myControllers;
			productReference = E9D38C9A1CB687EA00DBC998 /* myControllers.app */;
			productType = "com.apple.product-type.application";
		};
/* End PBXNativeTarget section */

/* Begin PBXProject section */
		E9D38C921CB687EA00DBC998 /* Project object */ = {
			isa = PBXProject;
			attributes = {
				LastSwiftUpdateCheck = 0730;
				LastUpgradeCheck = 0730;
				ORGANIZATIONNAME = "Praženica Andrej";
				TargetAttributes = {
					E9D38C991CB687EA00DBC998 = {
						CreatedOnToolsVersion = 7.3;
						DevelopmentTeam = J8PG6Y9LTZ;
					};
				};
			};
			buildConfigurationList = E9D38C951CB687EA00DBC998 /* Build configuration list for PBXProject "myControllers" */;
			compatibilityVersion = "Xcode 3.2";
			developmentRegion = English;
			hasScannedForEncodings = 0;
			knownRegions = (
				en,
				Base,
			);
			mainGroup = E9D38C911CB687EA00DBC998;
			productRefGroup = E9D38C9B1CB687EA00DBC998 /* Products */;
			projectDirPath = "";
			projectRoot = "";
			targets = (
				E9D38C991CB687EA00DBC998 /* myControllers */,
			);
		};
/* End PBXProject section */

/* Begin PBXResourcesBuildPhase section */
		E9D38C981CB687EA00DBC998 /* Resources */ = {
			isa = PBXResourcesBuildPhase;
			buildActionMask = 2147483647;
			files = (
				E9D38CA81CB687EA00DBC998 /* LaunchScreen.storyboard in Resources */,
				E9D38CA51CB687EA00DBC998 /* Assets.xcassets in Resources */,
				E9D38CA31CB687EA00DBC998 /* Main.storyboard in Resources */,
			);
			runOnlyForDeploymentPostprocessing = 0;
		};
/* End PBXResourcesBuildPhase section */

/* Begin PBXShellScriptBuildPhase section */
		3B3D710CDF8E6FF20DE86314 /* Embed Pods Frameworks */ = {
			isa = PBXShellScriptBuildPhase;
			buildActionMask = 2147483647;
			files = (
			);
			inputPaths = (
			);
			name = "Embed Pods Frameworks";
			outputPaths = (
			);
			runOnlyForDeploymentPostprocessing = 0;
			shellPath = /bin/sh;
			shellScript = "\"${SRCROOT}/Pods/Target Support Files/Pods-myControllers/Pods-myControllers-frameworks.sh\"\n";
			showEnvVarsInLog = 0;
		};
		68B3A1B15A3BFA157E3A82DD /* Copy Pods Resources */ = {
			isa = PBXShellScriptBuildPhase;
			buildActionMask = 2147483647;
			files = (
			);
			inputPaths = (
			);
			name = "Copy Pods Resources";
			outputPaths = (
			);
			runOnlyForDeploymentPostprocessing = 0;
			shellPath = /bin/sh;
			shellScript = "\"${SRCROOT}/Pods/Target Support Files/Pods-myControllers/Pods-myControllers-resources.sh\"\n";
			showEnvVarsInLog = 0;
		};
		B4F37A1F3C73A79DEAECE02D /* Check Pods Manifest.lock */ = {
			isa = PBXShellScriptBuildPhase;
			buildActionMask = 2147483647;
			files = (
			);
			inputPaths = (
			);
			name = "Check Pods Manifest.lock";
			outputPaths = (
			);
			runOnlyForDeploymentPostprocessing = 0;
			shellPath = /bin/sh;
			shellScript = "diff \"${PODS_ROOT}/../Podfile.lock\" \"${PODS_ROOT}/Manifest.lock\" > /dev/null\nif [[ $? != 0 ]] ; then\n    cat << EOM\nerror: The sandbox is not in sync with the Podfile.lock. Run 'pod install' or update your CocoaPods installation.\nEOM\n    exit 1\nfi\n";
			showEnvVarsInLog = 0;
		};
/* End PBXShellScriptBuildPhase section */

/* Begin PBXSourcesBuildPhase section */
		E9D38C961CB687EA00DBC998 /* Sources */ = {
			isa = PBXSourcesBuildPhase;
			buildActionMask = 2147483647;
			files = (
				E9452C9A1CBD2D63004B2309 /* AddEventController.swift in Sources */,
				E9452C981CBAD766004B2309 /* EventInfoModal.swift in Sources */,
				E9452C941CB696F9004B2309 /* FriendsViewController.swift in Sources */,
				E9452C921CB696EF004B2309 /* MessagesViewController.swift in Sources */,
				E9452C961CB69701004B2309 /* ProfileViewController.swift in Sources */,
				E9D38CA01CB687EA00DBC998 /* ViewController.swift in Sources */,
				E9D38C9E1CB687EA00DBC998 /* AppDelegate.swift in Sources */,
			);
			runOnlyForDeploymentPostprocessing = 0;
		};
/* End PBXSourcesBuildPhase section */

/* Begin PBXVariantGroup section */
		E9D38CA11CB687EA00DBC998 /* Main.storyboard */ = {
			isa = PBXVariantGroup;
			children = (
				E9D38CA21CB687EA00DBC998 /* Base */,
			);
			name = Main.storyboard;
			sourceTree = "<group>";
		};
		E9D38CA61CB687EA00DBC998 /* LaunchScreen.storyboard */ = {
			isa = PBXVariantGroup;
			children = (
				E9D38CA71CB687EA00DBC998 /* Base */,
			);
			name = LaunchScreen.storyboard;
			sourceTree = "<group>";
		};
/* End PBXVariantGroup section */

/* Begin XCBuildConfiguration section */
		E9D38CAA1CB687EA00DBC998 /* Debug */ = {
			isa = XCBuildConfiguration;
			buildSettings = {
				ALWAYS_SEARCH_USER_PATHS = NO;
				CLANG_ANALYZER_NONNULL = YES;
				CLANG_CXX_LANGUAGE_STANDARD = "gnu++0x";
				CLANG_CXX_LIBRARY = "libc++";
				CLANG_ENABLE_MODULES = YES;
				CLANG_ENABLE_OBJC_ARC = YES;
				CLANG_WARN_BOOL_CONVERSION = YES;
				CLANG_WARN_CONSTANT_CONVERSION = YES;
				CLANG_WARN_DIRECT_OBJC_ISA_USAGE = YES_ERROR;
				CLANG_WARN_EMPTY_BODY = YES;
				CLANG_WARN_ENUM_CONVERSION = YES;
				CLANG_WARN_INT_CONVERSION = YES;
				CLANG_WARN_OBJC_ROOT_CLASS = YES_ERROR;
				CLANG_WARN_UNREACHABLE_CODE = YES;
				CLANG_WARN__DUPLICATE_METHOD_MATCH = YES;
				"CODE_SIGN_IDENTITY[sdk=iphoneos*]" = "iPhone Developer";
				COPY_PHASE_STRIP = NO;
				DEBUG_INFORMATION_FORMAT = dwarf;
				ENABLE_STRICT_OBJC_MSGSEND = YES;
				ENABLE_TESTABILITY = YES;
				GCC_C_LANGUAGE_STANDARD = gnu99;
				GCC_DYNAMIC_NO_PIC = NO;
				GCC_NO_COMMON_BLOCKS = YES;
				GCC_OPTIMIZATION_LEVEL = 0;
				GCC_PREPROCESSOR_DEFINITIONS = (
					"DEBUG=1",
					"$(inherited)",
				);
				GCC_WARN_64_TO_32_BIT_CONVERSION = YES;
				GCC_WARN_ABOUT_RETURN_TYPE = YES_ERROR;
				GCC_WARN_UNDECLARED_SELECTOR = YES;
				GCC_WARN_UNINITIALIZED_AUTOS = YES_AGGRESSIVE;
				GCC_WARN_UNUSED_FUNCTION = YES;
				GCC_WARN_UNUSED_VARIABLE = YES;
				IPHONEOS_DEPLOYMENT_TARGET = 9.3;
				MTL_ENABLE_DEBUG_INFO = YES;
				ONLY_ACTIVE_ARCH = YES;
				SDKROOT = iphoneos;
				SWIFT_OPTIMIZATION_LEVEL = "-Onone";
				TARGETED_DEVICE_FAMILY = "1,2";
			};
			name = Debug;
		};
		E9D38CAB1CB687EA00DBC998 /* Release */ = {
			isa = XCBuildConfiguration;
			buildSettings = {
				ALWAYS_SEARCH_USER_PATHS = NO;
				CLANG_ANALYZER_NONNULL = YES;
				CLANG_CXX_LANGUAGE_STANDARD = "gnu++0x";
				CLANG_CXX_LIBRARY = "libc++";
				CLANG_ENABLE_MODULES = YES;
				CLANG_ENABLE_OBJC_ARC = YES;
				CLANG_WARN_BOOL_CONVERSION = YES;
				CLANG_WARN_CONSTANT_CONVERSION = YES;
				CLANG_WARN_DIRECT_OBJC_ISA_USAGE = YES_ERROR;
				CLANG_WARN_EMPTY_BODY = YES;
				CLANG_WARN_ENUM_CONVERSION = YES;
				CLANG_WARN_INT_CONVERSION = YES;
				CLANG_WARN_OBJC_ROOT_CLASS = YES_ERROR;
				CLANG_WARN_UNREACHABLE_CODE = YES;
				CLANG_WARN__DUPLICATE_METHOD_MATCH = YES;
				"CODE_SIGN_IDENTITY[sdk=iphoneos*]" = "iPhone Developer";
				COPY_PHASE_STRIP = NO;
				DEBUG_INFORMATION_FORMAT = "dwarf-with-dsym";
				ENABLE_NS_ASSERTIONS = NO;
				ENABLE_STRICT_OBJC_MSGSEND = YES;
				GCC_C_LANGUAGE_STANDARD = gnu99;
				GCC_NO_COMMON_BLOCKS = YES;
				GCC_WARN_64_TO_32_BIT_CONVERSION = YES;
				GCC_WARN_ABOUT_RETURN_TYPE = YES_ERROR;
				GCC_WARN_UNDECLARED_SELECTOR = YES;
				GCC_WARN_UNINITIALIZED_AUTOS = YES_AGGRESSIVE;
				GCC_WARN_UNUSED_FUNCTION = YES;
				GCC_WARN_UNUSED_VARIABLE = YES;
				IPHONEOS_DEPLOYMENT_TARGET = 9.3;
				MTL_ENABLE_DEBUG_INFO = NO;
				SDKROOT = iphoneos;
				TARGETED_DEVICE_FAMILY = "1,2";
				VALIDATE_PRODUCT = YES;
			};
			name = Release;
		};
		E9D38CAD1CB687EA00DBC998 /* Debug */ = {
			isa = XCBuildConfiguration;
			baseConfigurationReference = 04936118497AD1209E0FE016 /* Pods-myControllers.debug.xcconfig */;
			buildSettings = {
				ASSETCATALOG_COMPILER_APPICON_NAME = AppIcon;
				CODE_SIGN_IDENTITY = "iPhone Developer";
				INFOPLIST_FILE = myControllers/Info.plist;
				LD_RUNPATH_SEARCH_PATHS = "$(inherited) @executable_path/Frameworks";
				ONLY_ACTIVE_ARCH = YES;
				PRODUCT_BUNDLE_IDENTIFIER = com.prazenica.myControllers;
				PRODUCT_NAME = "$(TARGET_NAME)";
			};
			name = Debug;
		};
		E9D38CAE1CB687EA00DBC998 /* Release */ = {
			isa = XCBuildConfiguration;
			baseConfigurationReference = F5DD740AC09E109CDA6A1EB1 /* Pods-myControllers.release.xcconfig */;
			buildSettings = {
				ASSETCATALOG_COMPILER_APPICON_NAME = AppIcon;
				CODE_SIGN_IDENTITY = "iPhone Developer";
				INFOPLIST_FILE = myControllers/Info.plist;
				LD_RUNPATH_SEARCH_PATHS = "$(inherited) @executable_path/Frameworks";
				ONLY_ACTIVE_ARCH = YES;
				PRODUCT_BUNDLE_IDENTIFIER = com.prazenica.myControllers;
				PRODUCT_NAME = "$(TARGET_NAME)";
			};
			name = Release;
		};
/* End XCBuildConfiguration section */

/* Begin XCConfigurationList section */
		E9D38C951CB687EA00DBC998 /* Build configuration list for PBXProject "myControllers" */ = {
			isa = XCConfigurationList;
			buildConfigurations = (
				E9D38CAA1CB687EA00DBC998 /* Debug */,
				E9D38CAB1CB687EA00DBC998 /* Release */,
			);
			defaultConfigurationIsVisible = 0;
			defaultConfigurationName = Release;
		};
		E9D38CAC1CB687EA00DBC998 /* Build configuration list for PBXNativeTarget "myControllers" */ = {
			isa = XCConfigurationList;
			buildConfigurations = (
				E9D38CAD1CB687EA00DBC998 /* Debug */,
				E9D38CAE1CB687EA00DBC998 /* Release */,
			);
			defaultConfigurationIsVisible = 0;
			defaultConfigurationName = Release;
		};
/* End XCConfigurationList section */
	};
	rootObject = E9D38C921CB687EA00DBC998 /* Project object */;
}
